// !$*UTF8*$!
{
	archiveVersion = 1;
	classes = {
	};
	objectVersion = 51;
	objects = {

/* Begin PBXBuildFile section */
		2422436F26870B6C0049FF20 /* TwatterTableViewCell.swift in Sources */ = {isa = PBXBuildFile; fileRef = 2422436E26870B6C0049FF20 /* TwatterTableViewCell.swift */; };
		2422437226870DFE0049FF20 /* Post.swift in Sources */ = {isa = PBXBuildFile; fileRef = 2422437126870DFE0049FF20 /* Post.swift */; };
		248EBC29268609F700AEE823 /* AppDelegate.swift in Sources */ = {isa = PBXBuildFile; fileRef = 248EBC28268609F700AEE823 /* AppDelegate.swift */; };
		248EBC2B268609F700AEE823 /* SceneDelegate.swift in Sources */ = {isa = PBXBuildFile; fileRef = 248EBC2A268609F700AEE823 /* SceneDelegate.swift */; };
		248EBC2D268609F700AEE823 /* ViewController.swift in Sources */ = {isa = PBXBuildFile; fileRef = 248EBC2C268609F700AEE823 /* ViewController.swift */; };
		248EBC30268609F800AEE823 /* Main.storyboard in Resources */ = {isa = PBXBuildFile; fileRef = 248EBC2E268609F800AEE823 /* Main.storyboard */; };
		248EBC32268609FD00AEE823 /* Assets.xcassets in Resources */ = {isa = PBXBuildFile; fileRef = 248EBC31268609FD00AEE823 /* Assets.xcassets */; };
		248EBC35268609FD00AEE823 /* LaunchScreen.storyboard in Resources */ = {isa = PBXBuildFile; fileRef = 248EBC33268609FD00AEE823 /* LaunchScreen.storyboard */; };
		248EBC4426860DF000AEE823 /* SignUpViewController.swift in Sources */ = {isa = PBXBuildFile; fileRef = 248EBC4326860DF000AEE823 /* SignUpViewController.swift */; };
		248EBC4626860E0800AEE823 /* SignInViewController.swift in Sources */ = {isa = PBXBuildFile; fileRef = 248EBC4526860E0800AEE823 /* SignInViewController.swift */; };
		248EBC4826860E1F00AEE823 /* TwatterViewController.swift in Sources */ = {isa = PBXBuildFile; fileRef = 248EBC4726860E1F00AEE823 /* TwatterViewController.swift */; };
		248EBC4A2686439900AEE823 /* Utilities.swift in Sources */ = {isa = PBXBuildFile; fileRef = 248EBC492686439900AEE823 /* Utilities.swift */; };
		248EBC4D268647DC00AEE823 /* GoogleService-Info.plist in Resources */ = {isa = PBXBuildFile; fileRef = 248EBC4C268647DC00AEE823 /* GoogleService-Info.plist */; };
		88BC9343DD763A32FF6AB3EC /* Pods_twatter.framework in Frameworks */ = {isa = PBXBuildFile; fileRef = 389705B2EF1F28133B381AE5 /* Pods_twatter.framework */; };
/* End PBXBuildFile section */

/* Begin PBXFileReference section */
		2422436E26870B6C0049FF20 /* TwatterTableViewCell.swift */ = {isa = PBXFileReference; lastKnownFileType = sourcecode.swift; path = TwatterTableViewCell.swift; sourceTree = "<group>"; };
		2422437126870DFE0049FF20 /* Post.swift */ = {isa = PBXFileReference; lastKnownFileType = sourcecode.swift; path = Post.swift; sourceTree = "<group>"; };
		248EBC25268609F700AEE823 /* twatter.app */ = {isa = PBXFileReference; explicitFileType = wrapper.application; includeInIndex = 0; path = twatter.app; sourceTree = BUILT_PRODUCTS_DIR; };
		248EBC28268609F700AEE823 /* AppDelegate.swift */ = {isa = PBXFileReference; lastKnownFileType = sourcecode.swift; path = AppDelegate.swift; sourceTree = "<group>"; };
		248EBC2A268609F700AEE823 /* SceneDelegate.swift */ = {isa = PBXFileReference; lastKnownFileType = sourcecode.swift; path = SceneDelegate.swift; sourceTree = "<group>"; };
		248EBC2C268609F700AEE823 /* ViewController.swift */ = {isa = PBXFileReference; lastKnownFileType = sourcecode.swift; path = ViewController.swift; sourceTree = "<group>"; };
		248EBC2F268609F800AEE823 /* Base */ = {isa = PBXFileReference; lastKnownFileType = file.storyboard; name = Base; path = Base.lproj/Main.storyboard; sourceTree = "<group>"; };
		248EBC31268609FD00AEE823 /* Assets.xcassets */ = {isa = PBXFileReference; lastKnownFileType = folder.assetcatalog; path = Assets.xcassets; sourceTree = "<group>"; };
		248EBC34268609FD00AEE823 /* Base */ = {isa = PBXFileReference; lastKnownFileType = file.storyboard; name = Base; path = Base.lproj/LaunchScreen.storyboard; sourceTree = "<group>"; };
		248EBC36268609FD00AEE823 /* Info.plist */ = {isa = PBXFileReference; lastKnownFileType = text.plist.xml; path = Info.plist; sourceTree = "<group>"; };
		248EBC4326860DF000AEE823 /* SignUpViewController.swift */ = {isa = PBXFileReference; lastKnownFileType = sourcecode.swift; path = SignUpViewController.swift; sourceTree = "<group>"; };
		248EBC4526860E0800AEE823 /* SignInViewController.swift */ = {isa = PBXFileReference; lastKnownFileType = sourcecode.swift; path = SignInViewController.swift; sourceTree = "<group>"; };
		248EBC4726860E1F00AEE823 /* TwatterViewController.swift */ = {isa = PBXFileReference; lastKnownFileType = sourcecode.swift; path = TwatterViewController.swift; sourceTree = "<group>"; };
		248EBC492686439900AEE823 /* Utilities.swift */ = {isa = PBXFileReference; lastKnownFileType = sourcecode.swift; path = Utilities.swift; sourceTree = "<group>"; };
		248EBC4C268647DC00AEE823 /* GoogleService-Info.plist */ = {isa = PBXFileReference; fileEncoding = 4; lastKnownFileType = text.plist.xml; path = "GoogleService-Info.plist"; sourceTree = "<group>"; };
		389705B2EF1F28133B381AE5 /* Pods_twatter.framework */ = {isa = PBXFileReference; explicitFileType = wrapper.framework; includeInIndex = 0; path = Pods_twatter.framework; sourceTree = BUILT_PRODUCTS_DIR; };
		B1F7EA63E66C54E272BF3209 /* Pods-twatter.debug.xcconfig */ = {isa = PBXFileReference; includeInIndex = 1; lastKnownFileType = text.xcconfig; name = "Pods-twatter.debug.xcconfig"; path = "Target Support Files/Pods-twatter/Pods-twatter.debug.xcconfig"; sourceTree = "<group>"; };
		DD49EDB3E00D2BC83AA7EF02 /* Pods-twatter.release.xcconfig */ = {isa = PBXFileReference; includeInIndex = 1; lastKnownFileType = text.xcconfig; name = "Pods-twatter.release.xcconfig"; path = "Target Support Files/Pods-twatter/Pods-twatter.release.xcconfig"; sourceTree = "<group>"; };
/* End PBXFileReference section */

/* Begin PBXFrameworksBuildPhase section */
		248EBC22268609F700AEE823 /* Frameworks */ = {
			isa = PBXFrameworksBuildPhase;
			buildActionMask = 2147483647;
			files = (
				88BC9343DD763A32FF6AB3EC /* Pods_twatter.framework in Frameworks */,
			);
			runOnlyForDeploymentPostprocessing = 0;
		};
/* End PBXFrameworksBuildPhase section */

/* Begin PBXGroup section */
		2422437026870B700049FF20 /* TableViewCells */ = {
			isa = PBXGroup;
			children = (
				2422436E26870B6C0049FF20 /* TwatterTableViewCell.swift */,
			);
			path = TableViewCells;
			sourceTree = "<group>";
		};
		248EBC1C268609F700AEE823 = {
			isa = PBXGroup;
			children = (
				248EBC27268609F700AEE823 /* twatter */,
				248EBC26268609F700AEE823 /* Products */,
				5AD1724CC36C7B3320415771 /* Pods */,
				8236B2C2CCB726F98967DE47 /* Frameworks */,
			);
			sourceTree = "<group>";
		};
		248EBC26268609F700AEE823 /* Products */ = {
			isa = PBXGroup;
			children = (
				248EBC25268609F700AEE823 /* twatter.app */,
			);
			name = Products;
			sourceTree = "<group>";
		};
		248EBC27268609F700AEE823 /* twatter */ = {
			isa = PBXGroup;
			children = (
				248EBC28268609F700AEE823 /* AppDelegate.swift */,
				248EBC2A268609F700AEE823 /* SceneDelegate.swift */,
				248EBC4B268643A100AEE823 /* Utilities */,
				248EBC4226860AA500AEE823 /* View Controllers */,
				2422437026870B700049FF20 /* TableViewCells */,
				248EBC4C268647DC00AEE823 /* GoogleService-Info.plist */,
				248EBC2E268609F800AEE823 /* Main.storyboard */,
				248EBC31268609FD00AEE823 /* Assets.xcassets */,
				248EBC33268609FD00AEE823 /* LaunchScreen.storyboard */,
				248EBC36268609FD00AEE823 /* Info.plist */,
				2422437126870DFE0049FF20 /* Post.swift */,
			);
			path = twatter;
			sourceTree = "<group>";
		};
		248EBC4226860AA500AEE823 /* View Controllers */ = {
			isa = PBXGroup;
			children = (
				248EBC2C268609F700AEE823 /* ViewController.swift */,
				248EBC4326860DF000AEE823 /* SignUpViewController.swift */,
				248EBC4526860E0800AEE823 /* SignInViewController.swift */,
				248EBC4726860E1F00AEE823 /* TwatterViewController.swift */,
			);
			path = "View Controllers";
			sourceTree = "<group>";
		};
		248EBC4B268643A100AEE823 /* Utilities */ = {
			isa = PBXGroup;
			children = (
				248EBC492686439900AEE823 /* Utilities.swift */,
			);
			path = Utilities;
			sourceTree = "<group>";
		};
		5AD1724CC36C7B3320415771 /* Pods */ = {
			isa = PBXGroup;
			children = (
				B1F7EA63E66C54E272BF3209 /* Pods-twatter.debug.xcconfig */,
				DD49EDB3E00D2BC83AA7EF02 /* Pods-twatter.release.xcconfig */,
			);
			path = Pods;
			sourceTree = "<group>";
		};
		8236B2C2CCB726F98967DE47 /* Frameworks */ = {
			isa = PBXGroup;
			children = (
				389705B2EF1F28133B381AE5 /* Pods_twatter.framework */,
			);
			name = Frameworks;
			sourceTree = "<group>";
		};
/* End PBXGroup section */

/* Begin PBXNativeTarget section */
		248EBC24268609F700AEE823 /* twatter */ = {
			isa = PBXNativeTarget;
			buildConfigurationList = 248EBC39268609FD00AEE823 /* Build configuration list for PBXNativeTarget "twatter" */;
			buildPhases = (
				A04B1DE2DCFF03054634E3BE /* [CP] Check Pods Manifest.lock */,
				248EBC21268609F700AEE823 /* Sources */,
				248EBC22268609F700AEE823 /* Frameworks */,
				248EBC23268609F700AEE823 /* Resources */,
				D91616FF2D5F397A7631C4BE /* [CP] Embed Pods Frameworks */,
				82CF27B905548E117AF8C3A8 /* [CP] Copy Pods Resources */,
			);
			buildRules = (
			);
			dependencies = (
			);
			name = twatter;
			productName = twatter;
			productReference = 248EBC25268609F700AEE823 /* twatter.app */;
			productType = "com.apple.product-type.application";
		};
/* End PBXNativeTarget section */

/* Begin PBXProject section */
		248EBC1D268609F700AEE823 /* Project object */ = {
			isa = PBXProject;
			attributes = {
				LastSwiftUpdateCheck = 1250;
				LastUpgradeCheck = 1250;
				TargetAttributes = {
					248EBC24268609F700AEE823 = {
						CreatedOnToolsVersion = 12.5;
					};
				};
			};
			buildConfigurationList = 248EBC20268609F700AEE823 /* Build configuration list for PBXProject "twatter" */;
			compatibilityVersion = "Xcode 9.3";
			developmentRegion = en;
			hasScannedForEncodings = 0;
			knownRegions = (
				en,
				Base,
			);
			mainGroup = 248EBC1C268609F700AEE823;
			productRefGroup = 248EBC26268609F700AEE823 /* Products */;
			projectDirPath = "";
			projectRoot = "";
			targets = (
				248EBC24268609F700AEE823 /* twatter */,
			);
		};
/* End PBXProject section */

/* Begin PBXResourcesBuildPhase section */
		248EBC23268609F700AEE823 /* Resources */ = {
			isa = PBXResourcesBuildPhase;
			buildActionMask = 2147483647;
			files = (
				248EBC35268609FD00AEE823 /* LaunchScreen.storyboard in Resources */,
				248EBC32268609FD00AEE823 /* Assets.xcassets in Resources */,
				248EBC30268609F800AEE823 /* Main.storyboard in Resources */,
				248EBC4D268647DC00AEE823 /* GoogleService-Info.plist in Resources */,
			);
			runOnlyForDeploymentPostprocessing = 0;
		};
/* End PBXResourcesBuildPhase section */

/* Begin PBXShellScriptBuildPhase section */
		82CF27B905548E117AF8C3A8 /* [CP] Copy Pods Resources */ = {
			isa = PBXShellScriptBuildPhase;
			buildActionMask = 2147483647;
			files = (
			);
			inputFileListPaths = (
				"${PODS_ROOT}/Target Support Files/Pods-twatter/Pods-twatter-resources-${CONFIGURATION}-input-files.xcfilelist",
			);
			name = "[CP] Copy Pods Resources";
			outputFileListPaths = (
				"${PODS_ROOT}/Target Support Files/Pods-twatter/Pods-twatter-resources-${CONFIGURATION}-output-files.xcfilelist",
			);
			runOnlyForDeploymentPostprocessing = 0;
			shellPath = /bin/sh;
			shellScript = "\"${PODS_ROOT}/Target Support Files/Pods-twatter/Pods-twatter-resources.sh\"\n";
			showEnvVarsInLog = 0;
		};
		A04B1DE2DCFF03054634E3BE /* [CP] Check Pods Manifest.lock */ = {
			isa = PBXShellScriptBuildPhase;
			buildActionMask = 2147483647;
			files = (
			);
			inputFileListPaths = (
			);
			inputPaths = (
				"${PODS_PODFILE_DIR_PATH}/Podfile.lock",
				"${PODS_ROOT}/Manifest.lock",
			);
			name = "[CP] Check Pods Manifest.lock";
			outputFileListPaths = (
			);
			outputPaths = (
				"$(DERIVED_FILE_DIR)/Pods-twatter-checkManifestLockResult.txt",
			);
			runOnlyForDeploymentPostprocessing = 0;
			shellPath = /bin/sh;
			shellScript = "diff \"${PODS_PODFILE_DIR_PATH}/Podfile.lock\" \"${PODS_ROOT}/Manifest.lock\" > /dev/null\nif [ $? != 0 ] ; then\n    # print error to STDERR\n    echo \"error: The sandbox is not in sync with the Podfile.lock. Run 'pod install' or update your CocoaPods installation.\" >&2\n    exit 1\nfi\n# This output is used by Xcode 'outputs' to avoid re-running this script phase.\necho \"SUCCESS\" > \"${SCRIPT_OUTPUT_FILE_0}\"\n";
			showEnvVarsInLog = 0;
		};
		D91616FF2D5F397A7631C4BE /* [CP] Embed Pods Frameworks */ = {
			isa = PBXShellScriptBuildPhase;
			buildActionMask = 2147483647;
			files = (
			);
			inputFileListPaths = (
				"${PODS_ROOT}/Target Support Files/Pods-twatter/Pods-twatter-frameworks-${CONFIGURATION}-input-files.xcfilelist",
			);
			name = "[CP] Embed Pods Frameworks";
			outputFileListPaths = (
				"${PODS_ROOT}/Target Support Files/Pods-twatter/Pods-twatter-frameworks-${CONFIGURATION}-output-files.xcfilelist",
			);
			runOnlyForDeploymentPostprocessing = 0;
			shellPath = /bin/sh;
			shellScript = "\"${PODS_ROOT}/Target Support Files/Pods-twatter/Pods-twatter-frameworks.sh\"\n";
			showEnvVarsInLog = 0;
		};
/* End PBXShellScriptBuildPhase section */

/* Begin PBXSourcesBuildPhase section */
		248EBC21268609F700AEE823 /* Sources */ = {
			isa = PBXSourcesBuildPhase;
			buildActionMask = 2147483647;
			files = (
				248EBC2D268609F700AEE823 /* ViewController.swift in Sources */,
				248EBC29268609F700AEE823 /* AppDelegate.swift in Sources */,
				248EBC4A2686439900AEE823 /* Utilities.swift in Sources */,
				2422436F26870B6C0049FF20 /* TwatterTableViewCell.swift in Sources */,
				248EBC4426860DF000AEE823 /* SignUpViewController.swift in Sources */,
				248EBC4626860E0800AEE823 /* SignInViewController.swift in Sources */,
				2422437226870DFE0049FF20 /* Post.swift in Sources */,
				248EBC4826860E1F00AEE823 /* TwatterViewController.swift in Sources */,
				248EBC2B268609F700AEE823 /* SceneDelegate.swift in Sources */,
			);
			runOnlyForDeploymentPostprocessing = 0;
		};
/* End PBXSourcesBuildPhase section */

/* Begin PBXVariantGroup section */
		248EBC2E268609F800AEE823 /* Main.storyboard */ = {
			isa = PBXVariantGroup;
			children = (
				248EBC2F268609F800AEE823 /* Base */,
			);
			name = Main.storyboard;
			sourceTree = "<group>";
		};
		248EBC33268609FD00AEE823 /* LaunchScreen.storyboard */ = {
			isa = PBXVariantGroup;
			children = (
				248EBC34268609FD00AEE823 /* Base */,
			);
			name = LaunchScreen.storyboard;
			sourceTree = "<group>";
		};
/* End PBXVariantGroup section */

/* Begin XCBuildConfiguration section */
		248EBC37268609FD00AEE823 /* Debug */ = {
			isa = XCBuildConfiguration;
			buildSettings = {
				ALWAYS_SEARCH_USER_PATHS = NO;
				CLANG_ANALYZER_NONNULL = YES;
				CLANG_ANALYZER_NUMBER_OBJECT_CONVERSION = YES_AGGRESSIVE;
				CLANG_CXX_LANGUAGE_STANDARD = "gnu++14";
				CLANG_CXX_LIBRARY = "libc++";
				CLANG_ENABLE_MODULES = YES;
				CLANG_ENABLE_OBJC_ARC = YES;
				CLANG_ENABLE_OBJC_WEAK = YES;
				CLANG_WARN_BLOCK_CAPTURE_AUTORELEASING = YES;
				CLANG_WARN_BOOL_CONVERSION = YES;
				CLANG_WARN_COMMA = YES;
				CLANG_WARN_CONSTANT_CONVERSION = YES;
				CLANG_WARN_DEPRECATED_OBJC_IMPLEMENTATIONS = YES;
				CLANG_WARN_DIRECT_OBJC_ISA_USAGE = YES_ERROR;
				CLANG_WARN_DOCUMENTATION_COMMENTS = YES;
				CLANG_WARN_EMPTY_BODY = YES;
				CLANG_WARN_ENUM_CONVERSION = YES;
				CLANG_WARN_INFINITE_RECURSION = YES;
				CLANG_WARN_INT_CONVERSION = YES;
				CLANG_WARN_NON_LITERAL_NULL_CONVERSION = YES;
				CLANG_WARN_OBJC_IMPLICIT_RETAIN_SELF = YES;
				CLANG_WARN_OBJC_LITERAL_CONVERSION = YES;
				CLANG_WARN_OBJC_ROOT_CLASS = YES_ERROR;
				CLANG_WARN_QUOTED_INCLUDE_IN_FRAMEWORK_HEADER = YES;
				CLANG_WARN_RANGE_LOOP_ANALYSIS = YES;
				CLANG_WARN_STRICT_PROTOTYPES = YES;
				CLANG_WARN_SUSPICIOUS_MOVE = YES;
				CLANG_WARN_UNGUARDED_AVAILABILITY = YES_AGGRESSIVE;
				CLANG_WARN_UNREACHABLE_CODE = YES;
				CLANG_WARN__DUPLICATE_METHOD_MATCH = YES;
				COPY_PHASE_STRIP = NO;
				DEBUG_INFORMATION_FORMAT = dwarf;
				ENABLE_STRICT_OBJC_MSGSEND = YES;
				ENABLE_TESTABILITY = YES;
				GCC_C_LANGUAGE_STANDARD = gnu11;
				GCC_DYNAMIC_NO_PIC = NO;
				GCC_NO_COMMON_BLOCKS = YES;
				GCC_OPTIMIZATION_LEVEL = 0;
				GCC_PREPROCESSOR_DEFINITIONS = (
					"DEBUG=1",
					"$(inherited)",
				);
				GCC_WARN_64_TO_32_BIT_CONVERSION = YES;
				GCC_WARN_ABOUT_RETURN_TYPE = YES_ERROR;
				GCC_WARN_UNDECLARED_SELECTOR = YES;
				GCC_WARN_UNINITIALIZED_AUTOS = YES_AGGRESSIVE;
				GCC_WARN_UNUSED_FUNCTION = YES;
				GCC_WARN_UNUSED_VARIABLE = YES;
				IPHONEOS_DEPLOYMENT_TARGET = 14.5;
				MTL_ENABLE_DEBUG_INFO = INCLUDE_SOURCE;
				MTL_FAST_MATH = YES;
				ONLY_ACTIVE_ARCH = YES;
				SDKROOT = iphoneos;
				SWIFT_ACTIVE_COMPILATION_CONDITIONS = DEBUG;
				SWIFT_OPTIMIZATION_LEVEL = "-Onone";
			};
			name = Debug;
		};
		248EBC38268609FD00AEE823 /* Release */ = {
			isa = XCBuildConfiguration;
			buildSettings = {
				ALWAYS_SEARCH_USER_PATHS = NO;
				CLANG_ANALYZER_NONNULL = YES;
				CLANG_ANALYZER_NUMBER_OBJECT_CONVERSION = YES_AGGRESSIVE;
				CLANG_CXX_LANGUAGE_STANDARD = "gnu++14";
				CLANG_CXX_LIBRARY = "libc++";
				CLANG_ENABLE_MODULES = YES;
				CLANG_ENABLE_OBJC_ARC = YES;
				CLANG_ENABLE_OBJC_WEAK = YES;
				CLANG_WARN_BLOCK_CAPTURE_AUTORELEASING = YES;
				CLANG_WARN_BOOL_CONVERSION = YES;
				CLANG_WARN_COMMA = YES;
				CLANG_WARN_CONSTANT_CONVERSION = YES;
				CLANG_WARN_DEPRECATED_OBJC_IMPLEMENTATIONS = YES;
				CLANG_WARN_DIRECT_OBJC_ISA_USAGE = YES_ERROR;
				CLANG_WARN_DOCUMENTATION_COMMENTS = YES;
				CLANG_WARN_EMPTY_BODY = YES;
				CLANG_WARN_ENUM_CONVERSION = YES;
				CLANG_WARN_INFINITE_RECURSION = YES;
				CLANG_WARN_INT_CONVERSION = YES;
				CLANG_WARN_NON_LITERAL_NULL_CONVERSION = YES;
				CLANG_WARN_OBJC_IMPLICIT_RETAIN_SELF = YES;
				CLANG_WARN_OBJC_LITERAL_CONVERSION = YES;
				CLANG_WARN_OBJC_ROOT_CLASS = YES_ERROR;
				CLANG_WARN_QUOTED_INCLUDE_IN_FRAMEWORK_HEADER = YES;
				CLANG_WARN_RANGE_LOOP_ANALYSIS = YES;
				CLANG_WARN_STRICT_PROTOTYPES = YES;
				CLANG_WARN_SUSPICIOUS_MOVE = YES;
				CLANG_WARN_UNGUARDED_AVAILABILITY = YES_AGGRESSIVE;
				CLANG_WARN_UNREACHABLE_CODE = YES;
				CLANG_WARN__DUPLICATE_METHOD_MATCH = YES;
				COPY_PHASE_STRIP = NO;
				DEBUG_INFORMATION_FORMAT = "dwarf-with-dsym";
				ENABLE_NS_ASSERTIONS = NO;
				ENABLE_STRICT_OBJC_MSGSEND = YES;
				GCC_C_LANGUAGE_STANDARD = gnu11;
				GCC_NO_COMMON_BLOCKS = YES;
				GCC_WARN_64_TO_32_BIT_CONVERSION = YES;
				GCC_WARN_ABOUT_RETURN_TYPE = YES_ERROR;
				GCC_WARN_UNDECLARED_SELECTOR = YES;
				GCC_WARN_UNINITIALIZED_AUTOS = YES_AGGRESSIVE;
				GCC_WARN_UNUSED_FUNCTION = YES;
				GCC_WARN_UNUSED_VARIABLE = YES;
				IPHONEOS_DEPLOYMENT_TARGET = 14.5;
				MTL_ENABLE_DEBUG_INFO = NO;
				MTL_FAST_MATH = YES;
				SDKROOT = iphoneos;
				SWIFT_COMPILATION_MODE = wholemodule;
				SWIFT_OPTIMIZATION_LEVEL = "-O";
				VALIDATE_PRODUCT = YES;
			};
			name = Release;
		};
		248EBC3A268609FD00AEE823 /* Debug */ = {
			isa = XCBuildConfiguration;
			baseConfigurationReference = B1F7EA63E66C54E272BF3209 /* Pods-twatter.debug.xcconfig */;
			buildSettings = {
				ASSETCATALOG_COMPILER_APPICON_NAME = AppIcon;
				ASSETCATALOG_COMPILER_GLOBAL_ACCENT_COLOR_NAME = AccentColor;
				CODE_SIGN_STYLE = Automatic;
				INFOPLIST_FILE = twatter/Info.plist;
				LD_RUNPATH_SEARCH_PATHS = (
					"$(inherited)",
					"@executable_path/Frameworks",
				);
				PRODUCT_BUNDLE_IDENTIFIER = com.zvexal.twatter;
				PRODUCT_NAME = "$(TARGET_NAME)";
				SWIFT_VERSION = 5.0;
				TARGETED_DEVICE_FAMILY = "1,2";
			};
			name = Debug;
		};
		248EBC3B268609FD00AEE823 /* Release */ = {
			isa = XCBuildConfiguration;
			baseConfigurationReference = DD49EDB3E00D2BC83AA7EF02 /* Pods-twatter.release.xcconfig */;
			buildSettings = {
				ASSETCATALOG_COMPILER_APPICON_NAME = AppIcon;
				ASSETCATALOG_COMPILER_GLOBAL_ACCENT_COLOR_NAME = AccentColor;
				CODE_SIGN_STYLE = Automatic;
				INFOPLIST_FILE = twatter/Info.plist;
				LD_RUNPATH_SEARCH_PATHS = (
					"$(inherited)",
					"@executable_path/Frameworks",
				);
				PRODUCT_BUNDLE_IDENTIFIER = com.zvexal.twatter;
				PRODUCT_NAME = "$(TARGET_NAME)";
				SWIFT_VERSION = 5.0;
				TARGETED_DEVICE_FAMILY = "1,2";
			};
			name = Release;
		};
/* End XCBuildConfiguration section */

/* Begin XCConfigurationList section */
		248EBC20268609F700AEE823 /* Build configuration list for PBXProject "twatter" */ = {
			isa = XCConfigurationList;
			buildConfigurations = (
				248EBC37268609FD00AEE823 /* Debug */,
				248EBC38268609FD00AEE823 /* Release */,
			);
			defaultConfigurationIsVisible = 0;
			defaultConfigurationName = Release;
		};
		248EBC39268609FD00AEE823 /* Build configuration list for PBXNativeTarget "twatter" */ = {
			isa = XCConfigurationList;
			buildConfigurations = (
				248EBC3A268609FD00AEE823 /* Debug */,
				248EBC3B268609FD00AEE823 /* Release */,
			);
			defaultConfigurationIsVisible = 0;
			defaultConfigurationName = Release;
		};
/* End XCConfigurationList section */
	};
	rootObject = 248EBC1D268609F700AEE823 /* Project object */;
}
